{
  "version": 4,
  "terraform_version": "0.12.19",
  "serial": 9,
  "lineage": "0675a618-b5e5-b822-c4f6-3216fa7e9810",
  "outputs": {},
  "resources": [
    {
      "mode": "managed",
      "type": "google_container_cluster",
      "name": "gke-cluster",
      "provider": "provider.google",
      "instances": [
        {
          "schema_version": 1,
          "attributes": {
            "additional_zones": [],
            "addons_config": [
              {
                "horizontal_pod_autoscaling": [],
                "http_load_balancing": [],
                "kubernetes_dashboard": [],
                "network_policy_config": [
                  {
                    "disabled": true
                  }
                ]
              }
            ],
            "authenticator_groups_config": [],
            "cluster_autoscaling": [
              {
                "auto_provisioning_defaults": [],
                "enabled": false,
                "resource_limits": []
              }
            ],
            "cluster_ipv4_cidr": "10.56.0.0/14",
            "default_max_pods_per_node": 110,
            "description": "",
            "enable_binary_authorization": null,
            "enable_intranode_visibility": null,
            "enable_kubernetes_alpha": false,
            "enable_legacy_abac": false,
            "enable_tpu": null,
            "endpoint": "35.199.87.78",
            "id": "projects/prueba-nisum/locations/southamerica-east1-a/clusters/nodejsapp-cluster",
            "initial_node_count": 3,
            "instance_group_urls": [
              "https://www.googleapis.com/compute/v1/projects/prueba-nisum/zones/southamerica-east1-a/instanceGroups/gke-nodejsapp-cluster-default-pool-ae5d93d1-grp"
            ],
            "ip_allocation_policy": [],
            "location": "southamerica-east1-a",
            "logging_service": "logging.googleapis.com/kubernetes",
            "maintenance_policy": [],
            "master_auth": [
              {
                "client_certificate": "",
                "client_certificate_config": [
                  {
                    "issue_client_certificate": false
                  }
                ],
                "client_key": "",
                "cluster_ca_certificate": "LS0tLS1CRUdJTiBDRVJUSUZJQ0FURS0tLS0tCk1JSURDekNDQWZPZ0F3SUJBZ0lRVHdDejI3VTA5b0NlMTZyUUV0cGRCVEFOQmdrcWhraUc5dzBCQVFzRkFEQXYKTVMwd0t3WURWUVFERXlRNE1XVTJNV0ppTXkwd1lqQTJMVFF6TWpZdE9HWXdaaTAzT0RRM1l6QTRPRGczWW1JdwpIaGNOTWpBd01qQTNNVFV3TnpRNVdoY05NalV3TWpBMU1UWXdOelE1V2pBdk1TMHdLd1lEVlFRREV5UTRNV1UyCk1XSmlNeTB3WWpBMkxUUXpNall0T0dZd1ppMDNPRFEzWXpBNE9EZzNZbUl3Z2dFaU1BMEdDU3FHU0liM0RRRUIKQVFVQUE0SUJEd0F3Z2dFS0FvSUJBUUNTaElPb0ZWSHhSVUFuL2JHL2pjK1VRU1gvNC80cG42Vzhoc1FFckpHawpjMVl1TGdHQ21xRG01R3pHZUJzS2dOUGJFT3FmZUJ4YkRuM3EyQXhHODEvOG5vNDNBTkI0SlVNTm9YZHA3TWFOCndvRUdCUUxycVFiUXhNWmpZazhtM3Z1UDZiTUhKWEoxTmtTbnlmZjZDb1lFZ0F0Vlh1Yy9KNlcrQUg1WlhPazMKUEFCQUl3bno3YnBDdjNmMWxmR2hVM1pjcGlhV3VsR1FBVE03VVY2ZjhQbmswRCsvdEpVUkRLZE1nWmxCSFlQbQpETHJGM1FYY2pMWkdpRVF6ekRhaTBFN2RuT0oyRnlGY05OTmdWWXlheERJQWc4ODJqMTdnVFZhaWZCN09RU0dPCmVaS2F2d2E5YlNJTU9HRjhBL2FnbFRRWEQyTTJHNFl2VkNDSHRYcGo0WW96QWdNQkFBR2pJekFoTUE0R0ExVWQKRHdFQi93UUVBd0lDQkRBUEJnTlZIUk1CQWY4RUJUQURBUUgvTUEwR0NTcUdTSWIzRFFFQkN3VUFBNElCQVFBYQowZWI1b3pOck9Fbkd1U2J3NGQwVm13K2RuZ21LczhmVEFxZUxlU0FZRE5xWFBRRm1VaHAreEg4RWUzUlRDQ1hxCkYwT3dQVTZvTndXa1NWMjkvN2IydlR5NGh2ZEpWNlBvbGJDZjFjbFc4TGYrVjQ3SGZNckFBVXJNWWRpM1MzSWkKekNGUFY0bTJnT2JHNWRVQ0xUMmpHRkZiTU5tbXp1d29Eb1FzT0prUGZZZ3lNV1ZXbWFjMjRtd09mTEVqeEFKcApDMmhEUHVwazJlUmx4eTBzUkFkS0VUTUtzeUpoRTgvZUk4T3FQSjYzbHBvMzZZcnNSMTRCbTBDTWltSXZRT055CmZwSWh4aUtja1Q5eGRCTlY3cld6N1luYzA0blBjUkdRNXBiMm1BUU8vM3EzSEhTZlM1SDFPOHVTb3hIV0hhVEgKbVFWd0FUNEhjK3lGNGJ5WXlsQmIKLS0tLS1FTkQgQ0VSVElGSUNBVEUtLS0tLQo=",
                "password": "",
                "username": ""
              }
            ],
            "master_authorized_networks_config": [],
            "master_version": "1.13.11-gke.23",
            "min_master_version": null,
            "monitoring_service": "monitoring.googleapis.com/kubernetes",
            "name": "nodejsapp-cluster",
            "network": "projects/prueba-nisum/global/networks/default",
            "network_policy": [
              {
                "enabled": false,
                "provider": "PROVIDER_UNSPECIFIED"
              }
            ],
            "node_config": [
              {
                "disk_size_gb": 100,
                "disk_type": "pd-standard",
                "guest_accelerator": [],
                "image_type": "COS",
                "labels": {},
                "local_ssd_count": 0,
                "machine_type": "n1-standard-1",
                "metadata": {
                  "disable-legacy-endpoints": "true"
                },
                "min_cpu_platform": "",
                "oauth_scopes": [
                  "https://www.googleapis.com/auth/devstorage.read_only",
                  "https://www.googleapis.com/auth/logging.write",
                  "https://www.googleapis.com/auth/monitoring",
                  "https://www.googleapis.com/auth/service.management.readonly",
                  "https://www.googleapis.com/auth/servicecontrol",
                  "https://www.googleapis.com/auth/trace.append"
                ],
                "preemptible": false,
                "sandbox_config": [],
                "service_account": "default",
                "shielded_instance_config": [
                  {
                    "enable_integrity_monitoring": true,
                    "enable_secure_boot": false
                  }
                ],
                "tags": [],
                "taint": [],
                "workload_metadata_config": []
              }
            ],
            "node_locations": [],
            "node_pool": [
              {
                "autoscaling": [],
                "initial_node_count": 3,
                "instance_group_urls": [
                  "https://www.googleapis.com/compute/v1/projects/prueba-nisum/zones/southamerica-east1-a/instanceGroupManagers/gke-nodejsapp-cluster-default-pool-ae5d93d1-grp"
                ],
                "management": [
                  {
                    "auto_repair": false,
                    "auto_upgrade": true
                  }
                ],
                "max_pods_per_node": 0,
                "name": "default-pool",
                "name_prefix": "",
                "node_config": [
                  {
                    "disk_size_gb": 100,
                    "disk_type": "pd-standard",
                    "guest_accelerator": [],
                    "image_type": "COS",
                    "labels": {},
                    "local_ssd_count": 0,
                    "machine_type": "n1-standard-1",
                    "metadata": {
                      "disable-legacy-endpoints": "true"
                    },
                    "min_cpu_platform": "",
                    "oauth_scopes": [
                      "https://www.googleapis.com/auth/devstorage.read_only",
                      "https://www.googleapis.com/auth/logging.write",
                      "https://www.googleapis.com/auth/monitoring",
                      "https://www.googleapis.com/auth/service.management.readonly",
                      "https://www.googleapis.com/auth/servicecontrol",
                      "https://www.googleapis.com/auth/trace.append"
                    ],
                    "preemptible": false,
                    "sandbox_config": [],
                    "service_account": "default",
                    "shielded_instance_config": [
                      {
                        "enable_integrity_monitoring": true,
                        "enable_secure_boot": false
                      }
                    ],
                    "tags": [],
                    "taint": [],
                    "workload_metadata_config": []
                  }
                ],
                "node_count": 3,
                "version": "1.13.11-gke.23"
              }
            ],
            "node_version": "1.13.11-gke.23",
            "operation": null,
            "pod_security_policy_config": null,
            "private_cluster_config": [],
            "project": "prueba-nisum",
            "region": null,
            "remove_default_node_pool": null,
            "resource_labels": null,
            "services_ipv4_cidr": "10.59.240.0/20",
            "subnetwork": "projects/prueba-nisum/regions/southamerica-east1/subnetworks/default",
            "timeouts": null,
            "vertical_pod_autoscaling": [],
            "zone": null
          },
          "private": "eyJlMmJmYjczMC1lY2FhLTExZTYtOGY4OC0zNDM2M2JjN2M0YzAiOnsiY3JlYXRlIjoyNDAwMDAwMDAwMDAwLCJkZWxldGUiOjI0MDAwMDAwMDAwMDAsInVwZGF0ZSI6MzYwMDAwMDAwMDAwMH0sInNjaGVtYV92ZXJzaW9uIjoiMSJ9"
        }
      ]
    }
  ]
}
