{
  "version": 4,
  "terraform_version": "0.12.19",
  "serial": 1,
  "lineage": "0675a618-b5e5-b822-c4f6-3216fa7e9810",
  "outputs": {},
  "resources": [
    {
      "mode": "managed",
      "type": "google_container_cluster",
      "name": "gke-cluster",
      "provider": "provider.google",
      "instances": [
        {
          "schema_version": 1,
          "attributes": {
            "additional_zones": [],
            "addons_config": [
              {
                "horizontal_pod_autoscaling": [],
                "http_load_balancing": [],
                "kubernetes_dashboard": [],
                "network_policy_config": [
                  {
                    "disabled": true
                  }
                ]
              }
            ],
            "authenticator_groups_config": [],
            "cluster_autoscaling": [
              {
                "auto_provisioning_defaults": [],
                "enabled": false,
                "resource_limits": []
              }
            ],
            "cluster_ipv4_cidr": "10.56.0.0/14",
            "default_max_pods_per_node": 110,
            "description": "",
            "enable_binary_authorization": null,
            "enable_intranode_visibility": null,
            "enable_kubernetes_alpha": false,
            "enable_legacy_abac": false,
            "enable_tpu": null,
            "endpoint": "34.95.241.0",
            "id": "projects/prueba-nisum/locations/southamerica-east1-a/clusters/nodejsapp-cluster",
            "initial_node_count": 3,
            "instance_group_urls": [
              "https://www.googleapis.com/compute/v1/projects/prueba-nisum/zones/southamerica-east1-a/instanceGroups/gke-nodejsapp-cluster-default-pool-c7be0ad6-grp"
            ],
            "ip_allocation_policy": [],
            "location": "southamerica-east1-a",
            "logging_service": "logging.googleapis.com/kubernetes",
            "maintenance_policy": [],
            "master_auth": [
              {
                "client_certificate": "",
                "client_certificate_config": [
                  {
                    "issue_client_certificate": false
                  }
                ],
                "client_key": "",
                "cluster_ca_certificate": "LS0tLS1CRUdJTiBDRVJUSUZJQ0FURS0tLS0tCk1JSURERENDQWZTZ0F3SUJBZ0lSQUxhWENsellaQnZ4ejlHWjRaVGxpbFF3RFFZSktvWklodmNOQVFFTEJRQXcKTHpFdE1Dc0dBMVVFQXhNa1lXTTRNV1E1Tm1VdE1tRmxNUzAwWmpWaExXRmlZVFV0WldJMVl6SXpZalprTlRFMwpNQjRYRFRJd01ERXlPREU0TkRNek1sb1hEVEkxTURFeU5qRTVORE16TWxvd0x6RXRNQ3NHQTFVRUF4TWtZV000Ck1XUTVObVV0TW1GbE1TMDBaalZoTFdGaVlUVXRaV0kxWXpJellqWmtOVEUzTUlJQklqQU5CZ2txaGtpRzl3MEIKQVFFRkFBT0NBUThBTUlJQkNnS0NBUUVBeXRmRmV4c1k4aDh4R0l4QVpSWnFXeXJpNEF5YVc4Q1lIcDRqTjlDZApTczF5MTdyZDJvN0g5b0lIZjlKRWFRL0E1cjkyK3cvS1RET0l1YUoxOFQ1SnRXNjZkUkFFcE03NXRYMCtmZ3BXCjNjZ0x5RTBzQjkwN1g2K0ovTE1Rcld1U0VXTy9ZbzJqUU9PckJaQVZ1TllKOW0yRGV0TmMwWUpsTGRYQjViNWcKMmJ2TjJqYzR5VGYwVDdHN0UwbWJVZnJXTWNvLzFZUDdHNGU1UENQalhOVmNvMGhHL0pwSGlKcVE1QTZWUE5TLwoyRjJCQ3BsalRSQzJBcG5hb0xQcE5oS1ZhblVNblk2VUJBSndmbENGQmFNS29saTBoeHhuTndJRjRIL1QwQzVVClp0Q2ZoRSt2clpveUY1Q2tTWk1VOHUyWm5jZUl2MjE4SDFTQXEyYmQ5Y08wUFFJREFRQUJveU13SVRBT0JnTlYKSFE4QkFmOEVCQU1DQWdRd0R3WURWUjBUQVFIL0JBVXdBd0VCL3pBTkJna3Foa2lHOXcwQkFRc0ZBQU9DQVFFQQpzaFIwcnFNc3BYbUIwKzhMVWdTTWVQWVJGcWg5MWZOL1U0aWJiVGZrcFdUZ0ZMcnV4VTBJaHdydGRJZ2NlUnFFCnpRbS9JeE11VzJ2UndhV092RUt4NVFHMW5kNUNZRWx4YlpwaGd6RkdMeTk0dlQ3MzViU1JPQm9RblBDZGtuNW4KdzE5VXd5VGFFU2orNVkwSHIvUXdiaHArbDNHMk1IVC9WRXJNdUJzN1E3NzZmcEZTckhWV1A4cHE3WlZFQ09OTgpDT2UyazVsMnBraVBMM3NaczJiWDBlelhueTk2RHBjdmdIRVlQNTkrWGZwamwwNW5BTVphbzBoK2pWNUtCYUoxCmhGZWxJTE1UTGlGaUloTVBjOTJ3QkhKQVJ6Sk8wRG51RDUyeXRqaTVlbndycXFyei9LdkZ1MXI2a3cxdXIvWEYKNUpING45VGMzVi9jc0V6UzJCVXp5QT09Ci0tLS0tRU5EIENFUlRJRklDQVRFLS0tLS0K",
                "password": "",
                "username": ""
              }
            ],
            "master_authorized_networks_config": [],
            "master_version": "1.13.11-gke.23",
            "min_master_version": null,
            "monitoring_service": "monitoring.googleapis.com/kubernetes",
            "name": "nodejsapp-cluster",
            "network": "projects/prueba-nisum/global/networks/default",
            "network_policy": [
              {
                "enabled": false,
                "provider": "PROVIDER_UNSPECIFIED"
              }
            ],
            "node_config": [
              {
                "disk_size_gb": 100,
                "disk_type": "pd-standard",
                "guest_accelerator": [],
                "image_type": "COS",
                "labels": {},
                "local_ssd_count": 0,
                "machine_type": "n1-standard-1",
                "metadata": {
                  "disable-legacy-endpoints": "true"
                },
                "min_cpu_platform": "",
                "oauth_scopes": [
                  "https://www.googleapis.com/auth/devstorage.read_only",
                  "https://www.googleapis.com/auth/logging.write",
                  "https://www.googleapis.com/auth/monitoring",
                  "https://www.googleapis.com/auth/service.management.readonly",
                  "https://www.googleapis.com/auth/servicecontrol",
                  "https://www.googleapis.com/auth/trace.append"
                ],
                "preemptible": false,
                "sandbox_config": [],
                "service_account": "default",
                "shielded_instance_config": [
                  {
                    "enable_integrity_monitoring": true,
                    "enable_secure_boot": false
                  }
                ],
                "tags": [],
                "taint": [],
                "workload_metadata_config": []
              }
            ],
            "node_locations": [],
            "node_pool": [
              {
                "autoscaling": [],
                "initial_node_count": 3,
                "instance_group_urls": [
                  "https://www.googleapis.com/compute/v1/projects/prueba-nisum/zones/southamerica-east1-a/instanceGroupManagers/gke-nodejsapp-cluster-default-pool-c7be0ad6-grp"
                ],
                "management": [
                  {
                    "auto_repair": false,
                    "auto_upgrade": true
                  }
                ],
                "max_pods_per_node": 0,
                "name": "default-pool",
                "name_prefix": "",
                "node_config": [
                  {
                    "disk_size_gb": 100,
                    "disk_type": "pd-standard",
                    "guest_accelerator": [],
                    "image_type": "COS",
                    "labels": {},
                    "local_ssd_count": 0,
                    "machine_type": "n1-standard-1",
                    "metadata": {
                      "disable-legacy-endpoints": "true"
                    },
                    "min_cpu_platform": "",
                    "oauth_scopes": [
                      "https://www.googleapis.com/auth/devstorage.read_only",
                      "https://www.googleapis.com/auth/logging.write",
                      "https://www.googleapis.com/auth/monitoring",
                      "https://www.googleapis.com/auth/service.management.readonly",
                      "https://www.googleapis.com/auth/servicecontrol",
                      "https://www.googleapis.com/auth/trace.append"
                    ],
                    "preemptible": false,
                    "sandbox_config": [],
                    "service_account": "default",
                    "shielded_instance_config": [
                      {
                        "enable_integrity_monitoring": true,
                        "enable_secure_boot": false
                      }
                    ],
                    "tags": [],
                    "taint": [],
                    "workload_metadata_config": []
                  }
                ],
                "node_count": 3,
                "version": "1.13.11-gke.23"
              }
            ],
            "node_version": "1.13.11-gke.23",
            "operation": null,
            "pod_security_policy_config": null,
            "private_cluster_config": [],
            "project": "prueba-nisum",
            "region": null,
            "remove_default_node_pool": null,
            "resource_labels": null,
            "services_ipv4_cidr": "10.59.240.0/20",
            "subnetwork": "projects/prueba-nisum/regions/southamerica-east1/subnetworks/default",
            "timeouts": null,
            "vertical_pod_autoscaling": [],
            "zone": null
          },
          "private": "eyJlMmJmYjczMC1lY2FhLTExZTYtOGY4OC0zNDM2M2JjN2M0YzAiOnsiY3JlYXRlIjoyNDAwMDAwMDAwMDAwLCJkZWxldGUiOjI0MDAwMDAwMDAwMDAsInVwZGF0ZSI6MzYwMDAwMDAwMDAwMH0sInNjaGVtYV92ZXJzaW9uIjoiMSJ9"
        }
      ]
    }
  ]
}
