{
  "version": 4,
  "terraform_version": "0.12.19",
  "serial": 5,
  "lineage": "0675a618-b5e5-b822-c4f6-3216fa7e9810",
  "outputs": {},
  "resources": [
    {
      "mode": "managed",
      "type": "google_container_cluster",
      "name": "gke-cluster",
      "provider": "provider.google",
      "instances": [
        {
          "schema_version": 1,
          "attributes": {
            "additional_zones": [],
            "addons_config": [
              {
                "horizontal_pod_autoscaling": [],
                "http_load_balancing": [],
                "kubernetes_dashboard": [],
                "network_policy_config": [
                  {
                    "disabled": true
                  }
                ]
              }
            ],
            "authenticator_groups_config": [],
            "cluster_autoscaling": [
              {
                "auto_provisioning_defaults": [],
                "enabled": false,
                "resource_limits": []
              }
            ],
            "cluster_ipv4_cidr": "10.56.0.0/14",
            "default_max_pods_per_node": 110,
            "description": "",
            "enable_binary_authorization": null,
            "enable_intranode_visibility": null,
            "enable_kubernetes_alpha": false,
            "enable_legacy_abac": false,
            "enable_tpu": null,
            "endpoint": "35.199.83.156",
            "id": "projects/prueba-nisum/locations/southamerica-east1-a/clusters/nodejsapp-cluster",
            "initial_node_count": 3,
            "instance_group_urls": [
              "https://www.googleapis.com/compute/v1/projects/prueba-nisum/zones/southamerica-east1-a/instanceGroups/gke-nodejsapp-cluster-default-pool-cf6a01ba-grp"
            ],
            "ip_allocation_policy": [],
            "location": "southamerica-east1-a",
            "logging_service": "logging.googleapis.com/kubernetes",
            "maintenance_policy": [],
            "master_auth": [
              {
                "client_certificate": "",
                "client_certificate_config": [
                  {
                    "issue_client_certificate": false
                  }
                ],
                "client_key": "",
                "cluster_ca_certificate": "LS0tLS1CRUdJTiBDRVJUSUZJQ0FURS0tLS0tCk1JSURERENDQWZTZ0F3SUJBZ0lSQVBia0VvOFJjWTY3OUl3bURNSlA2T3N3RFFZSktvWklodmNOQVFFTEJRQXcKTHpFdE1Dc0dBMVVFQXhNa016azNNall4TVRrdE5tVmtOUzAwWmpZNExXSTNPR0V0TWpkaE9XVXpOamd6T0dVMwpNQjRYRFRJd01ESXdOVEV6TVRVMU9Gb1hEVEkxTURJd016RTBNVFUxT0Zvd0x6RXRNQ3NHQTFVRUF4TWtNemszCk1qWXhNVGt0Tm1Wa05TMDBaalk0TFdJM09HRXRNamRoT1dVek5qZ3pPR1UzTUlJQklqQU5CZ2txaGtpRzl3MEIKQVFFRkFBT0NBUThBTUlJQkNnS0NBUUVBa2VOdzBtdVVTU3pkay9kYWo0YmJQaFE1SDNxOFYyK1QwNHVtdHd0UQoySEl6bVZoUGh0R1RvSVB4WCtwQmdrSkZCTlREMVNmT3RsaTZxeHJTcE5wS3I0RjdPMVRaTnZDK3EvSmZnaC9YCld1bXVyYUlXNEVncVY1bFcrdGRvZVNqY1IyeXF3L3kyZ2dlaW81VFQxRXo4NDBtN0ROT1lVcXdiTkp4b1UvdncKc1M4SU5OM2VsL1kxNldJSWd2L2kxblBWWEJtQnFRMGViWFA1eTJvSkpES000ZmQvYWl6WlNzVDc2a3BMUnhoZAo4djlJNTJhRVJncXhIMTA2RHVSZ2o3WmYxUjVhRjh2ejEraVJNdFVuREhWelYxVVMvUHNFQnV2NXRXNXE0VWZGCjh6K0FkOGczalZleVk4MHBCUlZkcytWb2FqVjhaNXZnZUU4OWxsNk5qdkdCdFFJREFRQUJveU13SVRBT0JnTlYKSFE4QkFmOEVCQU1DQWdRd0R3WURWUjBUQVFIL0JBVXdBd0VCL3pBTkJna3Foa2lHOXcwQkFRc0ZBQU9DQVFFQQpQOVFSeTRMU1dNRDI0c1pnZ093ZFpKajFuYkZ3a3dVRHd1TUNFSDNESHpsK0pxSTlwSGtKb0lFOWhvdFl0dkFaCk1jREg0dEM4bWR4SXpWbEVXSTB1SkxXQlgzL0ZuL0p2MEVDTzEyTzV3L2VmR29TVUwybFhwajBZNHUzaVBtcXoKdjVETHBFTGtNRFdRdUhvMEdEdDFGRW12RkphNElnbFl0TUxsZ1hzbHBnMjhYdkovVUszcGdLMXBXN1ppV3JwZwpjL2E4YXdtcFl4WXQ2MnVjNjVWVnBuYlBjczBEQ0tqZVlXQmRKeVcxOHhROGUvTW1nVk0ydWxSd2QreVpDNXFtCkFDMndnNU5Ec0lXZHp5emhEQUc5R2JsUnVyZHVkMkEzN2ttb0tYUThadnRGZG1XUlZoSnF0L1A2aHJHeUVNVmoKOEdueHc1SThZZmY3ZzJyVTU1dXl1UT09Ci0tLS0tRU5EIENFUlRJRklDQVRFLS0tLS0K",
                "password": "",
                "username": ""
              }
            ],
            "master_authorized_networks_config": [],
            "master_version": "1.13.11-gke.23",
            "min_master_version": null,
            "monitoring_service": "monitoring.googleapis.com/kubernetes",
            "name": "nodejsapp-cluster",
            "network": "projects/prueba-nisum/global/networks/default",
            "network_policy": [
              {
                "enabled": false,
                "provider": "PROVIDER_UNSPECIFIED"
              }
            ],
            "node_config": [
              {
                "disk_size_gb": 100,
                "disk_type": "pd-standard",
                "guest_accelerator": [],
                "image_type": "COS",
                "labels": {},
                "local_ssd_count": 0,
                "machine_type": "n1-standard-1",
                "metadata": {
                  "disable-legacy-endpoints": "true"
                },
                "min_cpu_platform": "",
                "oauth_scopes": [
                  "https://www.googleapis.com/auth/devstorage.read_only",
                  "https://www.googleapis.com/auth/logging.write",
                  "https://www.googleapis.com/auth/monitoring",
                  "https://www.googleapis.com/auth/service.management.readonly",
                  "https://www.googleapis.com/auth/servicecontrol",
                  "https://www.googleapis.com/auth/trace.append"
                ],
                "preemptible": false,
                "sandbox_config": [],
                "service_account": "default",
                "shielded_instance_config": [
                  {
                    "enable_integrity_monitoring": true,
                    "enable_secure_boot": false
                  }
                ],
                "tags": [],
                "taint": [],
                "workload_metadata_config": []
              }
            ],
            "node_locations": [],
            "node_pool": [
              {
                "autoscaling": [],
                "initial_node_count": 3,
                "instance_group_urls": [
                  "https://www.googleapis.com/compute/v1/projects/prueba-nisum/zones/southamerica-east1-a/instanceGroupManagers/gke-nodejsapp-cluster-default-pool-cf6a01ba-grp"
                ],
                "management": [
                  {
                    "auto_repair": false,
                    "auto_upgrade": true
                  }
                ],
                "max_pods_per_node": 0,
                "name": "default-pool",
                "name_prefix": "",
                "node_config": [
                  {
                    "disk_size_gb": 100,
                    "disk_type": "pd-standard",
                    "guest_accelerator": [],
                    "image_type": "COS",
                    "labels": {},
                    "local_ssd_count": 0,
                    "machine_type": "n1-standard-1",
                    "metadata": {
                      "disable-legacy-endpoints": "true"
                    },
                    "min_cpu_platform": "",
                    "oauth_scopes": [
                      "https://www.googleapis.com/auth/devstorage.read_only",
                      "https://www.googleapis.com/auth/logging.write",
                      "https://www.googleapis.com/auth/monitoring",
                      "https://www.googleapis.com/auth/service.management.readonly",
                      "https://www.googleapis.com/auth/servicecontrol",
                      "https://www.googleapis.com/auth/trace.append"
                    ],
                    "preemptible": false,
                    "sandbox_config": [],
                    "service_account": "default",
                    "shielded_instance_config": [
                      {
                        "enable_integrity_monitoring": true,
                        "enable_secure_boot": false
                      }
                    ],
                    "tags": [],
                    "taint": [],
                    "workload_metadata_config": []
                  }
                ],
                "node_count": 3,
                "version": "1.13.11-gke.23"
              }
            ],
            "node_version": "1.13.11-gke.23",
            "operation": null,
            "pod_security_policy_config": null,
            "private_cluster_config": [],
            "project": "prueba-nisum",
            "region": null,
            "remove_default_node_pool": null,
            "resource_labels": null,
            "services_ipv4_cidr": "10.59.240.0/20",
            "subnetwork": "projects/prueba-nisum/regions/southamerica-east1/subnetworks/default",
            "timeouts": null,
            "vertical_pod_autoscaling": [],
            "zone": null
          },
          "private": "eyJlMmJmYjczMC1lY2FhLTExZTYtOGY4OC0zNDM2M2JjN2M0YzAiOnsiY3JlYXRlIjoyNDAwMDAwMDAwMDAwLCJkZWxldGUiOjI0MDAwMDAwMDAwMDAsInVwZGF0ZSI6MzYwMDAwMDAwMDAwMH0sInNjaGVtYV92ZXJzaW9uIjoiMSJ9"
        }
      ]
    }
  ]
}
